
Microsoft Visual Studio Solution File, Format Version 12.00
# Visual Studio Version 17
VisualStudioVersion = 17.1.32421.90
MinimumVisualStudioVersion = 10.0.40219.1
Project("{9A19103F-16F7-4668-BE54-9A1E7A4F7556}") = "ConsoleApp1", "ConsoleApp1\ConsoleApp1.csproj", "{3EBFBADD-08B5-4EF0-A534-9F5628F412D4}"
EndProject
Project("{9A19103F-16F7-4668-BE54-9A1E7A4F7556}") = "DemoColections", "DemoColections\DemoColections.csproj", "{792E5309-C08C-4E98-A445-9482D2FE954E}"
EndProject
Project("{9A19103F-16F7-4668-BE54-9A1E7A4F7556}") = "DemoBinaryReader", "DemoBinaryReader\DemoBinaryReader.csproj", "{A966E290-B308-4AEB-84E3-FB823161C34D}"
EndProject
Project("{9A19103F-16F7-4668-BE54-9A1E7A4F7556}") = "DemoExtendsionMethod_linQ", "DemoExtendsionMethod_linQ\DemoExtendsionMethod_linQ.csproj", "{9AB59B5A-6DED-442A-9689-23984A96D40D}"
EndProject
Project("{9A19103F-16F7-4668-BE54-9A1E7A4F7556}") = "Lab1_LinQ", "Lab1_LinQ\Lab1_LinQ.csproj", "{C60E981E-444B-4917-9AA3-CA9F624C2CDD}"
EndProject
Project("{9A19103F-16F7-4668-BE54-9A1E7A4F7556}") = "WindowsFormApp", "WindowsFormApp\WindowsFormApp.csproj", "{BD4BA2E0-26B7-41EA-BEBD-78928A5662E7}"
EndProject
Project("{9A19103F-16F7-4668-BE54-9A1E7A4F7556}") = "DemoEvent", "DemoEvent\DemoEvent.csproj", "{B2BA3CB1-D5F2-4064-957C-BFDEB30BE3CF}"
EndProject
Project("{9A19103F-16F7-4668-BE54-9A1E7A4F7556}") = "SimpleNotePad", "SimpleNotePad\SimpleNotePad.csproj", "{1A07A4EC-C29A-4463-BE9E-C70BFE095E7F}"
EndProject
Project("{9A19103F-16F7-4668-BE54-9A1E7A4F7556}") = "BaitapListItemControl", "BaitapListItemControl\BaitapListItemControl.csproj", "{4601DDCE-7175-4A54-90FF-BE453559875F}"
EndProject
Project("{9A19103F-16F7-4668-BE54-9A1E7A4F7556}") = "Lab2_DBConnect", "Lab2_DBConnect\Lab2_DBConnect.csproj", "{F434F220-38E1-4616-85B7-2FA8E7C06139}"
EndProject
Project("{9A19103F-16F7-4668-BE54-9A1E7A4F7556}") = "DemoEntityFramework", "DemoEntityFramework\DemoEntityFramework.csproj", "{1D5BE45A-1DEA-4233-A46C-5110D0CA11B9}"
EndProject
Project("{9A19103F-16F7-4668-BE54-9A1E7A4F7556}") = "DemoConnectDBUsingADO", "DemoConnectDBUsingADO\DemoConnectDBUsingADO.csproj", "{BC297DA6-6D22-44C5-A1E9-F945A9F46610}"
EndProject
Project("{9A19103F-16F7-4668-BE54-9A1E7A4F7556}") = "DemoMVCWebApp", "DemoMVCWebApp\DemoMVCWebApp.csproj", "{A3747317-C882-4723-A9BA-BC54BE9C18BB}"
EndProject
Project("{9A19103F-16F7-4668-BE54-9A1E7A4F7556}") = "CourseManagerment", "CourseManagerment\CourseManagerment.csproj", "{0CBDAFFB-9AAC-433E-9249-B939E05B7CDE}"
EndProject
Project("{FAE04EC0-301F-11D3-BF4B-00C04F79EFBC}") = "BtNorthwind", "BtNorthwind\BtNorthwind.csproj", "{85D53852-31BC-4D1F-A36E-F33477C1380B}"
EndProject
Global
	GlobalSection(SolutionConfigurationPlatforms) = preSolution
		Debug|Any CPU = Debug|Any CPU
		Release|Any CPU = Release|Any CPU
	EndGlobalSection
	GlobalSection(ProjectConfigurationPlatforms) = postSolution
		{3EBFBADD-08B5-4EF0-A534-9F5628F412D4}.Debug|Any CPU.ActiveCfg = Debug|Any CPU
		{3EBFBADD-08B5-4EF0-A534-9F5628F412D4}.Debug|Any CPU.Build.0 = Debug|Any CPU
		{3EBFBADD-08B5-4EF0-A534-9F5628F412D4}.Release|Any CPU.ActiveCfg = Release|Any CPU
		{3EBFBADD-08B5-4EF0-A534-9F5628F412D4}.Release|Any CPU.Build.0 = Release|Any CPU
		{792E5309-C08C-4E98-A445-9482D2FE954E}.Debug|Any CPU.ActiveCfg = Debug|Any CPU
		{792E5309-C08C-4E98-A445-9482D2FE954E}.Debug|Any CPU.Build.0 = Debug|Any CPU
		{792E5309-C08C-4E98-A445-9482D2FE954E}.Release|Any CPU.ActiveCfg = Release|Any CPU
		{792E5309-C08C-4E98-A445-9482D2FE954E}.Release|Any CPU.Build.0 = Release|Any CPU
		{A966E290-B308-4AEB-84E3-FB823161C34D}.Debug|Any CPU.ActiveCfg = Debug|Any CPU
		{A966E290-B308-4AEB-84E3-FB823161C34D}.Debug|Any CPU.Build.0 = Debug|Any CPU
		{A966E290-B308-4AEB-84E3-FB823161C34D}.Release|Any CPU.ActiveCfg = Release|Any CPU
		{A966E290-B308-4AEB-84E3-FB823161C34D}.Release|Any CPU.Build.0 = Release|Any CPU
		{9AB59B5A-6DED-442A-9689-23984A96D40D}.Debug|Any CPU.ActiveCfg = Debug|Any CPU
		{9AB59B5A-6DED-442A-9689-23984A96D40D}.Debug|Any CPU.Build.0 = Debug|Any CPU
		{9AB59B5A-6DED-442A-9689-23984A96D40D}.Release|Any CPU.ActiveCfg = Release|Any CPU
		{9AB59B5A-6DED-442A-9689-23984A96D40D}.Release|Any CPU.Build.0 = Release|Any CPU
		{C60E981E-444B-4917-9AA3-CA9F624C2CDD}.Debug|Any CPU.ActiveCfg = Debug|Any CPU
		{C60E981E-444B-4917-9AA3-CA9F624C2CDD}.Debug|Any CPU.Build.0 = Debug|Any CPU
		{C60E981E-444B-4917-9AA3-CA9F624C2CDD}.Release|Any CPU.ActiveCfg = Release|Any CPU
		{C60E981E-444B-4917-9AA3-CA9F624C2CDD}.Release|Any CPU.Build.0 = Release|Any CPU
		{BD4BA2E0-26B7-41EA-BEBD-78928A5662E7}.Debug|Any CPU.ActiveCfg = Debug|Any CPU
		{BD4BA2E0-26B7-41EA-BEBD-78928A5662E7}.Debug|Any CPU.Build.0 = Debug|Any CPU
		{BD4BA2E0-26B7-41EA-BEBD-78928A5662E7}.Release|Any CPU.ActiveCfg = Release|Any CPU
		{BD4BA2E0-26B7-41EA-BEBD-78928A5662E7}.Release|Any CPU.Build.0 = Release|Any CPU
		{B2BA3CB1-D5F2-4064-957C-BFDEB30BE3CF}.Debug|Any CPU.ActiveCfg = Debug|Any CPU
		{B2BA3CB1-D5F2-4064-957C-BFDEB30BE3CF}.Debug|Any CPU.Build.0 = Debug|Any CPU
		{B2BA3CB1-D5F2-4064-957C-BFDEB30BE3CF}.Release|Any CPU.ActiveCfg = Release|Any CPU
		{B2BA3CB1-D5F2-4064-957C-BFDEB30BE3CF}.Release|Any CPU.Build.0 = Release|Any CPU
		{1A07A4EC-C29A-4463-BE9E-C70BFE095E7F}.Debug|Any CPU.ActiveCfg = Debug|Any CPU
		{1A07A4EC-C29A-4463-BE9E-C70BFE095E7F}.Debug|Any CPU.Build.0 = Debug|Any CPU
		{1A07A4EC-C29A-4463-BE9E-C70BFE095E7F}.Release|Any CPU.ActiveCfg = Release|Any CPU
		{1A07A4EC-C29A-4463-BE9E-C70BFE095E7F}.Release|Any CPU.Build.0 = Release|Any CPU
		{4601DDCE-7175-4A54-90FF-BE453559875F}.Debug|Any CPU.ActiveCfg = Debug|Any CPU
		{4601DDCE-7175-4A54-90FF-BE453559875F}.Debug|Any CPU.Build.0 = Debug|Any CPU
		{4601DDCE-7175-4A54-90FF-BE453559875F}.Release|Any CPU.ActiveCfg = Release|Any CPU
		{4601DDCE-7175-4A54-90FF-BE453559875F}.Release|Any CPU.Build.0 = Release|Any CPU
		{F434F220-38E1-4616-85B7-2FA8E7C06139}.Debug|Any CPU.ActiveCfg = Debug|Any CPU
		{F434F220-38E1-4616-85B7-2FA8E7C06139}.Debug|Any CPU.Build.0 = Debug|Any CPU
		{F434F220-38E1-4616-85B7-2FA8E7C06139}.Release|Any CPU.ActiveCfg = Release|Any CPU
		{F434F220-38E1-4616-85B7-2FA8E7C06139}.Release|Any CPU.Build.0 = Release|Any CPU
		{1D5BE45A-1DEA-4233-A46C-5110D0CA11B9}.Debug|Any CPU.ActiveCfg = Debug|Any CPU
		{1D5BE45A-1DEA-4233-A46C-5110D0CA11B9}.Debug|Any CPU.Build.0 = Debug|Any CPU
		{1D5BE45A-1DEA-4233-A46C-5110D0CA11B9}.Release|Any CPU.ActiveCfg = Release|Any CPU
		{1D5BE45A-1DEA-4233-A46C-5110D0CA11B9}.Release|Any CPU.Build.0 = Release|Any CPU
		{BC297DA6-6D22-44C5-A1E9-F945A9F46610}.Debug|Any CPU.ActiveCfg = Debug|Any CPU
		{BC297DA6-6D22-44C5-A1E9-F945A9F46610}.Debug|Any CPU.Build.0 = Debug|Any CPU
		{BC297DA6-6D22-44C5-A1E9-F945A9F46610}.Release|Any CPU.ActiveCfg = Release|Any CPU
		{BC297DA6-6D22-44C5-A1E9-F945A9F46610}.Release|Any CPU.Build.0 = Release|Any CPU
		{A3747317-C882-4723-A9BA-BC54BE9C18BB}.Debug|Any CPU.ActiveCfg = Debug|Any CPU
		{A3747317-C882-4723-A9BA-BC54BE9C18BB}.Debug|Any CPU.Build.0 = Debug|Any CPU
		{A3747317-C882-4723-A9BA-BC54BE9C18BB}.Release|Any CPU.ActiveCfg = Release|Any CPU
		{A3747317-C882-4723-A9BA-BC54BE9C18BB}.Release|Any CPU.Build.0 = Release|Any CPU
		{0CBDAFFB-9AAC-433E-9249-B939E05B7CDE}.Debug|Any CPU.ActiveCfg = Debug|Any CPU
		{0CBDAFFB-9AAC-433E-9249-B939E05B7CDE}.Debug|Any CPU.Build.0 = Debug|Any CPU
		{0CBDAFFB-9AAC-433E-9249-B939E05B7CDE}.Release|Any CPU.ActiveCfg = Release|Any CPU
		{0CBDAFFB-9AAC-433E-9249-B939E05B7CDE}.Release|Any CPU.Build.0 = Release|Any CPU
		{85D53852-31BC-4D1F-A36E-F33477C1380B}.Debug|Any CPU.ActiveCfg = Debug|Any CPU
		{85D53852-31BC-4D1F-A36E-F33477C1380B}.Debug|Any CPU.Build.0 = Debug|Any CPU
		{85D53852-31BC-4D1F-A36E-F33477C1380B}.Release|Any CPU.ActiveCfg = Release|Any CPU
		{85D53852-31BC-4D1F-A36E-F33477C1380B}.Release|Any CPU.Build.0 = Release|Any CPU
	EndGlobalSection
	GlobalSection(SolutionProperties) = preSolution
		HideSolutionNode = FALSE
	EndGlobalSection
	GlobalSection(ExtensibilityGlobals) = postSolution
		SolutionGuid = {CFF88CDF-9135-400C-B88C-B3DD27AD484F}
	EndGlobalSection
EndGlobal
