
Microsoft Visual Studio Solution File, Format Version 12.00
# Visual Studio Version 17
VisualStudioVersion = 17.1.32421.90
MinimumVisualStudioVersion = 10.0.40219.1
Project("{FAE04EC0-301F-11D3-BF4B-00C04F79EFBC}") = "MovieTicketBooking", "MovieTicketBooking\MovieTicketBooking.csproj", "{3249AE48-EDB0-4067-B7E8-A40C2E38A59E}"
EndProject
Global
	GlobalSection(SolutionConfigurationPlatforms) = preSolution
		Debug|Any CPU = Debug|Any CPU
		Release|Any CPU = Release|Any CPU
	EndGlobalSection
	GlobalSection(ProjectConfigurationPlatforms) = postSolution
		{3249AE48-EDB0-4067-B7E8-A40C2E38A59E}.Debug|Any CPU.ActiveCfg = Debug|Any CPU
		{3249AE48-EDB0-4067-B7E8-A40C2E38A59E}.Debug|Any CPU.Build.0 = Debug|Any CPU
		{3249AE48-EDB0-4067-B7E8-A40C2E38A59E}.Release|Any CPU.ActiveCfg = Release|Any CPU
		{3249AE48-EDB0-4067-B7E8-A40C2E38A59E}.Release|Any CPU.Build.0 = Release|Any CPU
	EndGlobalSection
	GlobalSection(SolutionProperties) = preSolution
		HideSolutionNode = FALSE
	EndGlobalSection
	GlobalSection(ExtensibilityGlobals) = postSolution
		SolutionGuid = {FD80A4F0-F9E4-4D55-89F8-39E618FB77CD}
	EndGlobalSection
EndGlobal
